
Microsoft Visual Studio Solution File, Format Version 12.00
# Visual Studio Version 16
VisualStudioVersion = 16.0.29709.97
MinimumVisualStudioVersion = 10.0.40219.1
Project("{8BC9CEB8-8B4A-11D0-8D11-00A0C91BC942}") = "Basics", "Basics\Basics.vcxproj", "{DD6E8A12-D2AC-450C-8D8C-2C8E309BD93C}"
EndProject
Project("{8BC9CEB8-8B4A-11D0-8D11-00A0C91BC942}") = "Kernel", "Kernel\Kernel.vcxproj", "{14B3E0B1-CBD9-4210-B854-1661EA3C686B}"
EndProject
Global
	GlobalSection(SolutionConfigurationPlatforms) = preSolution
		Debug|x64 = Debug|x64
		Debug|x86 = Debug|x86
		Release|x64 = Release|x64
		Release|x86 = Release|x86
	EndGlobalSection
	GlobalSection(ProjectConfigurationPlatforms) = postSolution
		{DD6E8A12-D2AC-450C-8D8C-2C8E309BD93C}.Debug|x64.ActiveCfg = Debug|x64
		{DD6E8A12-D2AC-450C-8D8C-2C8E309BD93C}.Debug|x64.Build.0 = Debug|x64
		{DD6E8A12-D2AC-450C-8D8C-2C8E309BD93C}.Debug|x86.ActiveCfg = Debug|Win32
		{DD6E8A12-D2AC-450C-8D8C-2C8E309BD93C}.Debug|x86.Build.0 = Debug|Win32
		{DD6E8A12-D2AC-450C-8D8C-2C8E309BD93C}.Release|x64.ActiveCfg = Release|x64
		{DD6E8A12-D2AC-450C-8D8C-2C8E309BD93C}.Release|x64.Build.0 = Release|x64
		{DD6E8A12-D2AC-450C-8D8C-2C8E309BD93C}.Release|x86.ActiveCfg = Release|Win32
		{DD6E8A12-D2AC-450C-8D8C-2C8E309BD93C}.Release|x86.Build.0 = Release|Win32
		{14B3E0B1-CBD9-4210-B854-1661EA3C686B}.Debug|x64.ActiveCfg = Debug|x64
		{14B3E0B1-CBD9-4210-B854-1661EA3C686B}.Debug|x64.Build.0 = Debug|x64
		{14B3E0B1-CBD9-4210-B854-1661EA3C686B}.Debug|x86.ActiveCfg = Debug|Win32
		{14B3E0B1-CBD9-4210-B854-1661EA3C686B}.Debug|x86.Build.0 = Debug|Win32
		{14B3E0B1-CBD9-4210-B854-1661EA3C686B}.Release|x64.ActiveCfg = Release|x64
		{14B3E0B1-CBD9-4210-B854-1661EA3C686B}.Release|x64.Build.0 = Release|x64
		{14B3E0B1-CBD9-4210-B854-1661EA3C686B}.Release|x86.ActiveCfg = Release|Win32
		{14B3E0B1-CBD9-4210-B854-1661EA3C686B}.Release|x86.Build.0 = Release|Win32
	EndGlobalSection
	GlobalSection(SolutionProperties) = preSolution
		HideSolutionNode = FALSE
	EndGlobalSection
	GlobalSection(ExtensibilityGlobals) = postSolution
		SolutionGuid = {9F742F39-49F1-4D21-8FC8-DB6B053C3D27}
	EndGlobalSection
EndGlobal
